
Microsoft Visual Studio Solution File, Format Version 12.00
# Visual Studio 2012
Project("{FAE04EC0-301F-11D3-BF4B-00C04F79EFBC}") = "蓝山人力资源系统", "蓝山人力资源系统\蓝山人力资源系统.csproj", "{698F1188-CCBD-43CE-A8A8-AA736DDD52BD}"
EndProject
Global
	GlobalSection(SolutionConfigurationPlatforms) = preSolution
		Debug|Any CPU = Debug|Any CPU
		Release|Any CPU = Release|Any CPU
	EndGlobalSection
	GlobalSection(ProjectConfigurationPlatforms) = postSolution
		{698F1188-CCBD-43CE-A8A8-AA736DDD52BD}.Debug|Any CPU.ActiveCfg = Debug|Any CPU
		{698F1188-CCBD-43CE-A8A8-AA736DDD52BD}.Debug|Any CPU.Build.0 = Debug|Any CPU
		{698F1188-CCBD-43CE-A8A8-AA736DDD52BD}.Release|Any CPU.ActiveCfg = Release|Any CPU
		{698F1188-CCBD-43CE-A8A8-AA736DDD52BD}.Release|Any CPU.Build.0 = Release|Any CPU
	EndGlobalSection
	GlobalSection(SolutionProperties) = preSolution
		HideSolutionNode = FALSE
	EndGlobalSection
EndGlobal
